lockfileVersion: '9.0'

settings:
  autoInstallPeers: true
  excludeLinksFromLockfile: false

importers:

  .:
    dependencies:
      '@tailwindcss/vite':
        specifier: ^4.0.9
        version: 4.0.9(vite@6.2.4(jiti@2.4.2)(lightningcss@1.29.1))
      tailwindcss:
        specifier: ^4.0.9
        version: 4.0.9
    devDependencies:
      '@tailwindcss/typography':
        specifier: ^0.5.16
        version: 0.5.16(tailwindcss@4.0.9)
      vite:
        specifier: ^6.2.4
        version: 6.2.4(jiti@2.4.2)(lightningcss@1.29.1)

packages:

  '@esbuild/aix-ppc64@0.25.2':
    resolution: {integrity: sha512-wCIboOL2yXZym2cgm6mlA742s9QeJ8DjGVaL39dLN4rRwrOgOyYSnOaFPhKZGLb2ngj4EyfAFjsNJwPXZvseag==}
    engines: {node: '>=18'}
    cpu: [ppc64]
    os: [aix]

  '@esbuild/android-arm64@0.25.2':
    resolution: {integrity: sha512-5ZAX5xOmTligeBaeNEPnPaeEuah53Id2tX4c2CVP3JaROTH+j4fnfHCkr1PjXMd78hMst+TlkfKcW/DlTq0i4w==}
    engines: {node: '>=18'}
    cpu: [arm64]
    os: [android]

  '@esbuild/android-arm@0.25.2':
    resolution: {integrity: sha512-NQhH7jFstVY5x8CKbcfa166GoV0EFkaPkCKBQkdPJFvo5u+nGXLEH/ooniLb3QI8Fk58YAx7nsPLozUWfCBOJA==}
    engines: {node: '>=18'}
    cpu: [arm]
    os: [android]

  '@esbuild/android-x64@0.25.2':
    resolution: {integrity: sha512-Ffcx+nnma8Sge4jzddPHCZVRvIfQ0kMsUsCMcJRHkGJ1cDmhe4SsrYIjLUKn1xpHZybmOqCWwB0zQvsjdEHtkg==}
    engines: {node: '>=18'}
    cpu: [x64]
    os: [android]

  '@esbuild/darwin-arm64@0.25.2':
    resolution: {integrity: sha512-MpM6LUVTXAzOvN4KbjzU/q5smzryuoNjlriAIx+06RpecwCkL9JpenNzpKd2YMzLJFOdPqBpuub6eVRP5IgiSA==}
    engines: {node: '>=18'}
    cpu: [arm64]
    os: [darwin]

  '@esbuild/darwin-x64@0.25.2':
    resolution: {integrity: sha512-5eRPrTX7wFyuWe8FqEFPG2cU0+butQQVNcT4sVipqjLYQjjh8a8+vUTfgBKM88ObB85ahsnTwF7PSIt6PG+QkA==}
    engines: {node: '>=18'}
    cpu: [x64]
    os: [darwin]

  '@esbuild/freebsd-arm64@0.25.2':
    resolution: {integrity: sha512-mLwm4vXKiQ2UTSX4+ImyiPdiHjiZhIaE9QvC7sw0tZ6HoNMjYAqQpGyui5VRIi5sGd+uWq940gdCbY3VLvsO1w==}
    engines: {node: '>=18'}
    cpu: [arm64]
    os: [freebsd]

  '@esbuild/freebsd-x64@0.25.2':
    resolution: {integrity: sha512-6qyyn6TjayJSwGpm8J9QYYGQcRgc90nmfdUb0O7pp1s4lTY+9D0H9O02v5JqGApUyiHOtkz6+1hZNvNtEhbwRQ==}
    engines: {node: '>=18'}
    cpu: [x64]
    os: [freebsd]

  '@esbuild/linux-arm64@0.25.2':
    resolution: {integrity: sha512-gq/sjLsOyMT19I8obBISvhoYiZIAaGF8JpeXu1u8yPv8BE5HlWYobmlsfijFIZ9hIVGYkbdFhEqC0NvM4kNO0g==}
    engines: {node: '>=18'}
    cpu: [arm64]
    os: [linux]

  '@esbuild/linux-arm@0.25.2':
    resolution: {integrity: sha512-UHBRgJcmjJv5oeQF8EpTRZs/1knq6loLxTsjc3nxO9eXAPDLcWW55flrMVc97qFPbmZP31ta1AZVUKQzKTzb0g==}
    engines: {node: '>=18'}
    cpu: [arm]
    os: [linux]

  '@esbuild/linux-ia32@0.25.2':
    resolution: {integrity: sha512-bBYCv9obgW2cBP+2ZWfjYTU+f5cxRoGGQ5SeDbYdFCAZpYWrfjjfYwvUpP8MlKbP0nwZ5gyOU/0aUzZ5HWPuvQ==}
    engines: {node: '>=18'}
    cpu: [ia32]
    os: [linux]

  '@esbuild/linux-loong64@0.25.2':
    resolution: {integrity: sha512-SHNGiKtvnU2dBlM5D8CXRFdd+6etgZ9dXfaPCeJtz+37PIUlixvlIhI23L5khKXs3DIzAn9V8v+qb1TRKrgT5w==}
    engines: {node: '>=18'}
    cpu: [loong64]
    os: [linux]

  '@esbuild/linux-mips64el@0.25.2':
    resolution: {integrity: sha512-hDDRlzE6rPeoj+5fsADqdUZl1OzqDYow4TB4Y/3PlKBD0ph1e6uPHzIQcv2Z65u2K0kpeByIyAjCmjn1hJgG0Q==}
    engines: {node: '>=18'}
    cpu: [mips64el]
    os: [linux]

  '@esbuild/linux-ppc64@0.25.2':
    resolution: {integrity: sha512-tsHu2RRSWzipmUi9UBDEzc0nLc4HtpZEI5Ba+Omms5456x5WaNuiG3u7xh5AO6sipnJ9r4cRWQB2tUjPyIkc6g==}
    engines: {node: '>=18'}
    cpu: [ppc64]
    os: [linux]

  '@esbuild/linux-riscv64@0.25.2':
    resolution: {integrity: sha512-k4LtpgV7NJQOml/10uPU0s4SAXGnowi5qBSjaLWMojNCUICNu7TshqHLAEbkBdAszL5TabfvQ48kK84hyFzjnw==}
    engines: {node: '>=18'}
    cpu: [riscv64]
    os: [linux]

  '@esbuild/linux-s390x@0.25.2':
    resolution: {integrity: sha512-GRa4IshOdvKY7M/rDpRR3gkiTNp34M0eLTaC1a08gNrh4u488aPhuZOCpkF6+2wl3zAN7L7XIpOFBhnaE3/Q8Q==}
    engines: {node: '>=18'}
    cpu: [s390x]
    os: [linux]

  '@esbuild/linux-x64@0.25.2':
    resolution: {integrity: sha512-QInHERlqpTTZ4FRB0fROQWXcYRD64lAoiegezDunLpalZMjcUcld3YzZmVJ2H/Cp0wJRZ8Xtjtj0cEHhYc/uUg==}
    engines: {node: '>=18'}
    cpu: [x64]
    os: [linux]

  '@esbuild/netbsd-arm64@0.25.2':
    resolution: {integrity: sha512-talAIBoY5M8vHc6EeI2WW9d/CkiO9MQJ0IOWX8hrLhxGbro/vBXJvaQXefW2cP0z0nQVTdQ/eNyGFV1GSKrxfw==}
    engines: {node: '>=18'}
    cpu: [arm64]
    os: [netbsd]

  '@esbuild/netbsd-x64@0.25.2':
    resolution: {integrity: sha512-voZT9Z+tpOxrvfKFyfDYPc4DO4rk06qamv1a/fkuzHpiVBMOhpjK+vBmWM8J1eiB3OLSMFYNaOaBNLXGChf5tg==}
    engines: {node: '>=18'}
    cpu: [x64]
    os: [netbsd]

  '@esbuild/openbsd-arm64@0.25.2':
    resolution: {integrity: sha512-dcXYOC6NXOqcykeDlwId9kB6OkPUxOEqU+rkrYVqJbK2hagWOMrsTGsMr8+rW02M+d5Op5NNlgMmjzecaRf7Tg==}
    engines: {node: '>=18'}
    cpu: [arm64]
    os: [openbsd]

  '@esbuild/openbsd-x64@0.25.2':
    resolution: {integrity: sha512-t/TkWwahkH0Tsgoq1Ju7QfgGhArkGLkF1uYz8nQS/PPFlXbP5YgRpqQR3ARRiC2iXoLTWFxc6DJMSK10dVXluw==}
    engines: {node: '>=18'}
    cpu: [x64]
    os: [openbsd]

  '@esbuild/sunos-x64@0.25.2':
    resolution: {integrity: sha512-cfZH1co2+imVdWCjd+D1gf9NjkchVhhdpgb1q5y6Hcv9TP6Zi9ZG/beI3ig8TvwT9lH9dlxLq5MQBBgwuj4xvA==}
    engines: {node: '>=18'}
    cpu: [x64]
    os: [sunos]

  '@esbuild/win32-arm64@0.25.2':
    resolution: {integrity: sha512-7Loyjh+D/Nx/sOTzV8vfbB3GJuHdOQyrOryFdZvPHLf42Tk9ivBU5Aedi7iyX+x6rbn2Mh68T4qq1SDqJBQO5Q==}
    engines: {node: '>=18'}
    cpu: [arm64]
    os: [win32]

  '@esbuild/win32-ia32@0.25.2':
    resolution: {integrity: sha512-WRJgsz9un0nqZJ4MfhabxaD9Ft8KioqU3JMinOTvobbX6MOSUigSBlogP8QB3uxpJDsFS6yN+3FDBdqE5lg9kg==}
    engines: {node: '>=18'}
    cpu: [ia32]
    os: [win32]

  '@esbuild/win32-x64@0.25.2':
    resolution: {integrity: sha512-kM3HKb16VIXZyIeVrM1ygYmZBKybX8N4p754bw390wGO3Tf2j4L2/WYL+4suWujpgf6GBYs3jv7TyUivdd05JA==}
    engines: {node: '>=18'}
    cpu: [x64]
    os: [win32]

  '@rollup/rollup-android-arm-eabi@4.38.0':
    resolution: {integrity: sha512-ldomqc4/jDZu/xpYU+aRxo3V4mGCV9HeTgUBANI3oIQMOL+SsxB+S2lxMpkFp5UamSS3XuTMQVbsS24R4J4Qjg==}
    cpu: [arm]
    os: [android]

  '@rollup/rollup-android-arm64@4.38.0':
    resolution: {integrity: sha512-VUsgcy4GhhT7rokwzYQP+aV9XnSLkkhlEJ0St8pbasuWO/vwphhZQxYEKUP3ayeCYLhk6gEtacRpYP/cj3GjyQ==}
    cpu: [arm64]
    os: [android]

  '@rollup/rollup-darwin-arm64@4.38.0':
    resolution: {integrity: sha512-buA17AYXlW9Rn091sWMq1xGUvWQFOH4N1rqUxGJtEQzhChxWjldGCCup7r/wUnaI6Au8sKXpoh0xg58a7cgcpg==}
    cpu: [arm64]
    os: [darwin]

  '@rollup/rollup-darwin-x64@4.38.0':
    resolution: {integrity: sha512-Mgcmc78AjunP1SKXl624vVBOF2bzwNWFPMP4fpOu05vS0amnLcX8gHIge7q/lDAHy3T2HeR0TqrriZDQS2Woeg==}
    cpu: [x64]
    os: [darwin]

  '@rollup/rollup-freebsd-arm64@4.38.0':
    resolution: {integrity: sha512-zzJACgjLbQTsscxWqvrEQAEh28hqhebpRz5q/uUd1T7VTwUNZ4VIXQt5hE7ncs0GrF+s7d3S4on4TiXUY8KoQA==}
    cpu: [arm64]
    os: [freebsd]

  '@rollup/rollup-freebsd-x64@4.38.0':
    resolution: {integrity: sha512-hCY/KAeYMCyDpEE4pTETam0XZS4/5GXzlLgpi5f0IaPExw9kuB+PDTOTLuPtM10TlRG0U9OSmXJ+Wq9J39LvAg==}
    cpu: [x64]
    os: [freebsd]

  '@rollup/rollup-linux-arm-gnueabihf@4.38.0':
    resolution: {integrity: sha512-mimPH43mHl4JdOTD7bUMFhBdrg6f9HzMTOEnzRmXbOZqjijCw8LA5z8uL6LCjxSa67H2xiLFvvO67PT05PRKGg==}
    cpu: [arm]
    os: [linux]

  '@rollup/rollup-linux-arm-musleabihf@4.38.0':
    resolution: {integrity: sha512-tPiJtiOoNuIH8XGG8sWoMMkAMm98PUwlriOFCCbZGc9WCax+GLeVRhmaxjJtz6WxrPKACgrwoZ5ia/uapq3ZVg==}
    cpu: [arm]
    os: [linux]

  '@rollup/rollup-linux-arm64-gnu@4.38.0':
    resolution: {integrity: sha512-wZco59rIVuB0tjQS0CSHTTUcEde+pXQWugZVxWaQFdQQ1VYub/sTrNdY76D1MKdN2NB48JDuGABP6o6fqos8mA==}
    cpu: [arm64]
    os: [linux]

  '@rollup/rollup-linux-arm64-musl@4.38.0':
    resolution: {integrity: sha512-fQgqwKmW0REM4LomQ+87PP8w8xvU9LZfeLBKybeli+0yHT7VKILINzFEuggvnV9M3x1Ed4gUBmGUzCo/ikmFbQ==}
    cpu: [arm64]
    os: [linux]

  '@rollup/rollup-linux-loongarch64-gnu@4.38.0':
    resolution: {integrity: sha512-hz5oqQLXTB3SbXpfkKHKXLdIp02/w3M+ajp8p4yWOWwQRtHWiEOCKtc9U+YXahrwdk+3qHdFMDWR5k+4dIlddg==}
    cpu: [loong64]
    os: [linux]

  '@rollup/rollup-linux-powerpc64le-gnu@4.38.0':
    resolution: {integrity: sha512-NXqygK/dTSibQ+0pzxsL3r4Xl8oPqVoWbZV9niqOnIHV/J92fe65pOir0xjkUZDRSPyFRvu+4YOpJF9BZHQImw==}
    cpu: [ppc64]
    os: [linux]

  '@rollup/rollup-linux-riscv64-gnu@4.38.0':
    resolution: {integrity: sha512-GEAIabR1uFyvf/jW/5jfu8gjM06/4kZ1W+j1nWTSSB3w6moZEBm7iBtzwQ3a1Pxos2F7Gz+58aVEnZHU295QTg==}
    cpu: [riscv64]
    os: [linux]

  '@rollup/rollup-linux-riscv64-musl@4.38.0':
    resolution: {integrity: sha512-9EYTX+Gus2EGPbfs+fh7l95wVADtSQyYw4DfSBcYdUEAmP2lqSZY0Y17yX/3m5VKGGJ4UmIH5LHLkMJft3bYoA==}
    cpu: [riscv64]
    os: [linux]

  '@rollup/rollup-linux-s390x-gnu@4.38.0':
    resolution: {integrity: sha512-Mpp6+Z5VhB9VDk7RwZXoG2qMdERm3Jw07RNlXHE0bOnEeX+l7Fy4bg+NxfyN15ruuY3/7Vrbpm75J9QHFqj5+Q==}
    cpu: [s390x]
    os: [linux]

  '@rollup/rollup-linux-x64-gnu@4.38.0':
    resolution: {integrity: sha512-vPvNgFlZRAgO7rwncMeE0+8c4Hmc+qixnp00/Uv3ht2x7KYrJ6ERVd3/R0nUtlE6/hu7/HiiNHJ/rP6knRFt1w==}
    cpu: [x64]
    os: [linux]

  '@rollup/rollup-linux-x64-musl@4.38.0':
    resolution: {integrity: sha512-q5Zv+goWvQUGCaL7fU8NuTw8aydIL/C9abAVGCzRReuj5h30TPx4LumBtAidrVOtXnlB+RZkBtExMsfqkMfb8g==}
    cpu: [x64]
    os: [linux]

  '@rollup/rollup-win32-arm64-msvc@4.38.0':
    resolution: {integrity: sha512-u/Jbm1BU89Vftqyqbmxdq14nBaQjQX1HhmsdBWqSdGClNaKwhjsg5TpW+5Ibs1mb8Es9wJiMdl86BcmtUVXNZg==}
    cpu: [arm64]
    os: [win32]

  '@rollup/rollup-win32-ia32-msvc@4.38.0':
    resolution: {integrity: sha512-mqu4PzTrlpNHHbu5qleGvXJoGgHpChBlrBx/mEhTPpnAL1ZAYFlvHD7rLK839LLKQzqEQMFJfGrrOHItN4ZQqA==}
    cpu: [ia32]
    os: [win32]

  '@rollup/rollup-win32-x64-msvc@4.38.0':
    resolution: {integrity: sha512-jjqy3uWlecfB98Psxb5cD6Fny9Fupv9LrDSPTQZUROqjvZmcCqNu4UMl7qqhlUUGpwiAkotj6GYu4SZdcr/nLw==}
    cpu: [x64]
    os: [win32]

  '@tailwindcss/node@4.0.9':
    resolution: {integrity: sha512-tOJvdI7XfJbARYhxX+0RArAhmuDcczTC46DGCEziqxzzbIaPnfYaIyRT31n4u8lROrsO7Q6u/K9bmQHL2uL1bQ==}

  '@tailwindcss/oxide-android-arm64@4.0.9':
    resolution: {integrity: sha512-YBgy6+2flE/8dbtrdotVInhMVIxnHJPbAwa7U1gX4l2ThUIaPUp18LjB9wEH8wAGMBZUb//SzLtdXXNBHPUl6Q==}
    engines: {node: '>= 10'}
    cpu: [arm64]
    os: [android]

  '@tailwindcss/oxide-darwin-arm64@4.0.9':
    resolution: {integrity: sha512-pWdl4J2dIHXALgy2jVkwKBmtEb73kqIfMpYmcgESr7oPQ+lbcQ4+tlPeVXaSAmang+vglAfFpXQCOvs/aGSqlw==}
    engines: {node: '>= 10'}
    cpu: [arm64]
    os: [darwin]

  '@tailwindcss/oxide-darwin-x64@4.0.9':
    resolution: {integrity: sha512-4Dq3lKp0/C7vrRSkNPtBGVebEyWt9QPPlQctxJ0H3MDyiQYvzVYf8jKow7h5QkWNe8hbatEqljMj/Y0M+ERYJg==}
    engines: {node: '>= 10'}
    cpu: [x64]
    os: [darwin]

  '@tailwindcss/oxide-freebsd-x64@4.0.9':
    resolution: {integrity: sha512-k7U1RwRODta8x0uealtVt3RoWAWqA+D5FAOsvVGpYoI6ObgmnzqWW6pnVwz70tL8UZ/QXjeMyiICXyjzB6OGtQ==}
    engines: {node: '>= 10'}
    cpu: [x64]
    os: [freebsd]

  '@tailwindcss/oxide-linux-arm-gnueabihf@4.0.9':
    resolution: {integrity: sha512-NDDjVweHz2zo4j+oS8y3KwKL5wGCZoXGA9ruJM982uVJLdsF8/1AeKvUwKRlMBpxHt1EdWJSAh8a0Mfhl28GlQ==}
    engines: {node: '>= 10'}
    cpu: [arm]
    os: [linux]

  '@tailwindcss/oxide-linux-arm64-gnu@4.0.9':
    resolution: {integrity: sha512-jk90UZ0jzJl3Dy1BhuFfRZ2KP9wVKMXPjmCtY4U6fF2LvrjP5gWFJj5VHzfzHonJexjrGe1lMzgtjriuZkxagg==}
    engines: {node: '>= 10'}
    cpu: [arm64]
    os: [linux]

  '@tailwindcss/oxide-linux-arm64-musl@4.0.9':
    resolution: {integrity: sha512-3eMjyTC6HBxh9nRgOHzrc96PYh1/jWOwHZ3Kk0JN0Kl25BJ80Lj9HEvvwVDNTgPg154LdICwuFLuhfgH9DULmg==}
    engines: {node: '>= 10'}
    cpu: [arm64]
    os: [linux]

  '@tailwindcss/oxide-linux-x64-gnu@4.0.9':
    resolution: {integrity: sha512-v0D8WqI/c3WpWH1kq/HP0J899ATLdGZmENa2/emmNjubT0sWtEke9W9+wXeEoACuGAhF9i3PO5MeyditpDCiWQ==}
    engines: {node: '>= 10'}
    cpu: [x64]
    os: [linux]

  '@tailwindcss/oxide-linux-x64-musl@4.0.9':
    resolution: {integrity: sha512-Kvp0TCkfeXyeehqLJr7otsc4hd/BUPfcIGrQiwsTVCfaMfjQZCG7DjI+9/QqPZha8YapLA9UoIcUILRYO7NE1Q==}
    engines: {node: '>= 10'}
    cpu: [x64]
    os: [linux]

  '@tailwindcss/oxide-win32-arm64-msvc@4.0.9':
    resolution: {integrity: sha512-m3+60T/7YvWekajNq/eexjhV8z10rswcz4BC9bioJ7YaN+7K8W2AmLmG0B79H14m6UHE571qB0XsPus4n0QVgQ==}
    engines: {node: '>= 10'}
    cpu: [arm64]
    os: [win32]

  '@tailwindcss/oxide-win32-x64-msvc@4.0.9':
    resolution: {integrity: sha512-dpc05mSlqkwVNOUjGu/ZXd5U1XNch1kHFJ4/cHkZFvaW1RzbHmRt24gvM8/HC6IirMxNarzVw4IXVtvrOoZtxA==}
    engines: {node: '>= 10'}
    cpu: [x64]
    os: [win32]

  '@tailwindcss/oxide@4.0.9':
    resolution: {integrity: sha512-eLizHmXFqHswJONwfqi/WZjtmWZpIalpvMlNhTM99/bkHtUs6IqgI1XQ0/W5eO2HiRQcIlXUogI2ycvKhVLNcA==}
    engines: {node: '>= 10'}

  '@tailwindcss/typography@0.5.16':
    resolution: {integrity: sha512-0wDLwCVF5V3x3b1SGXPCDcdsbDHMBe+lkFzBRaHeLvNi+nrrnZ1lA18u+OTWO8iSWU2GxUOCvlXtDuqftc1oiA==}
    peerDependencies:
      tailwindcss: '>=3.0.0 || insiders || >=4.0.0-alpha.20 || >=4.0.0-beta.1'

  '@tailwindcss/vite@4.0.9':
    resolution: {integrity: sha512-BIKJO+hwdIsN7V6I7SziMZIVHWWMsV/uCQKYEbeiGRDRld+TkqyRRl9+dQ0MCXbhcVr+D9T/qX2E84kT7V281g==}
    peerDependencies:
      vite: ^5.2.0 || ^6

  '@types/estree@1.0.7':
    resolution: {integrity: sha512-w28IoSUCJpidD/TGviZwwMJckNESJZXFu7NBZ5YJ4mEUnNraUn9Pm8HSZm/jDF1pDWYKspWE7oVphigUPRakIQ==}

  cssesc@3.0.0:
    resolution: {integrity: sha512-/Tb/JcjK111nNScGob5MNtsntNM1aCNUDipB/TkwZFhyDrrE47SOx/18wF2bbjgc3ZzCSKW1T5nt5EbFoAz/Vg==}
    engines: {node: '>=4'}
    hasBin: true

  detect-libc@1.0.3:
    resolution: {integrity: sha512-pGjwhsmsp4kL2RTz08wcOlGN83otlqHeD/Z5T8GXZB+/YcpQ/dgo+lbU8ZsGxV0HIvqqxo9l7mqYwyYMD9bKDg==}
    engines: {node: '>=0.10'}
    hasBin: true

  enhanced-resolve@5.18.1:
    resolution: {integrity: sha512-ZSW3ma5GkcQBIpwZTSRAI8N71Uuwgs93IezB7mf7R60tC8ZbJideoDNKjHn2O9KIlx6rkGTTEk1xUCK2E1Y2Yg==}
    engines: {node: '>=10.13.0'}

  esbuild@0.25.2:
    resolution: {integrity: sha512-16854zccKPnC+toMywC+uKNeYSv+/eXkevRAfwRD/G9Cleq66m8XFIrigkbvauLLlCfDL45Q2cWegSg53gGBnQ==}
    engines: {node: '>=18'}
    hasBin: true

  fsevents@2.3.3:
    resolution: {integrity: sha512-5xoDfX+fL7faATnagmWPpbFtwh/R77WmMMqqHGS65C3vvB0YHrgF+B1YmZ3441tMj5n63k0212XNoJwzlhffQw==}
    engines: {node: ^8.16.0 || ^10.6.0 || >=11.0.0}
    os: [darwin]

  graceful-fs@4.2.11:
    resolution: {integrity: sha512-RbJ5/jmFcNNCcDV5o9eTnBLJ/HszWV0P73bc+Ff4nS/rJj+YaS6IGyiOL0VoBYX+l1Wrl3k63h/KrH+nhJ0XvQ==}

  jiti@2.4.2:
    resolution: {integrity: sha512-rg9zJN+G4n2nfJl5MW3BMygZX56zKPNVEYYqq7adpmMh4Jn2QNEwhvQlFy6jPVdcod7txZtKHWnyZiA3a0zP7A==}
    hasBin: true

  lightningcss-darwin-arm64@1.29.1:
    resolution: {integrity: sha512-HtR5XJ5A0lvCqYAoSv2QdZZyoHNttBpa5EP9aNuzBQeKGfbyH5+UipLWvVzpP4Uml5ej4BYs5I9Lco9u1fECqw==}
    engines: {node: '>= 12.0.0'}
    cpu: [arm64]
    os: [darwin]

  lightningcss-darwin-x64@1.29.1:
    resolution: {integrity: sha512-k33G9IzKUpHy/J/3+9MCO4e+PzaFblsgBjSGlpAaFikeBFm8B/CkO3cKU9oI4g+fjS2KlkLM/Bza9K/aw8wsNA==}
    engines: {node: '>= 12.0.0'}
    cpu: [x64]
    os: [darwin]

  lightningcss-freebsd-x64@1.29.1:
    resolution: {integrity: sha512-0SUW22fv/8kln2LnIdOCmSuXnxgxVC276W5KLTwoehiO0hxkacBxjHOL5EtHD8BAXg2BvuhsJPmVMasvby3LiQ==}
    engines: {node: '>= 12.0.0'}
    cpu: [x64]
    os: [freebsd]

  lightningcss-linux-arm-gnueabihf@1.29.1:
    resolution: {integrity: sha512-sD32pFvlR0kDlqsOZmYqH/68SqUMPNj+0pucGxToXZi4XZgZmqeX/NkxNKCPsswAXU3UeYgDSpGhu05eAufjDg==}
    engines: {node: '>= 12.0.0'}
    cpu: [arm]
    os: [linux]

  lightningcss-linux-arm64-gnu@1.29.1:
    resolution: {integrity: sha512-0+vClRIZ6mmJl/dxGuRsE197o1HDEeeRk6nzycSy2GofC2JsY4ifCRnvUWf/CUBQmlrvMzt6SMQNMSEu22csWQ==}
    engines: {node: '>= 12.0.0'}
    cpu: [arm64]
    os: [linux]

  lightningcss-linux-arm64-musl@1.29.1:
    resolution: {integrity: sha512-UKMFrG4rL/uHNgelBsDwJcBqVpzNJbzsKkbI3Ja5fg00sgQnHw/VrzUTEc4jhZ+AN2BvQYz/tkHu4vt1kLuJyw==}
    engines: {node: '>= 12.0.0'}
    cpu: [arm64]
    os: [linux]

  lightningcss-linux-x64-gnu@1.29.1:
    resolution: {integrity: sha512-u1S+xdODy/eEtjADqirA774y3jLcm8RPtYztwReEXoZKdzgsHYPl0s5V52Tst+GKzqjebkULT86XMSxejzfISw==}
    engines: {node: '>= 12.0.0'}
    cpu: [x64]
    os: [linux]

  lightningcss-linux-x64-musl@1.29.1:
    resolution: {integrity: sha512-L0Tx0DtaNUTzXv0lbGCLB/c/qEADanHbu4QdcNOXLIe1i8i22rZRpbT3gpWYsCh9aSL9zFujY/WmEXIatWvXbw==}
    engines: {node: '>= 12.0.0'}
    cpu: [x64]
    os: [linux]

  lightningcss-win32-arm64-msvc@1.29.1:
    resolution: {integrity: sha512-QoOVnkIEFfbW4xPi+dpdft/zAKmgLgsRHfJalEPYuJDOWf7cLQzYg0DEh8/sn737FaeMJxHZRc1oBreiwZCjog==}
    engines: {node: '>= 12.0.0'}
    cpu: [arm64]
    os: [win32]

  lightningcss-win32-x64-msvc@1.29.1:
    resolution: {integrity: sha512-NygcbThNBe4JElP+olyTI/doBNGJvLs3bFCRPdvuCcxZCcCZ71B858IHpdm7L1btZex0FvCmM17FK98Y9MRy1Q==}
    engines: {node: '>= 12.0.0'}
    cpu: [x64]
    os: [win32]

  lightningcss@1.29.1:
    resolution: {integrity: sha512-FmGoeD4S05ewj+AkhTY+D+myDvXI6eL27FjHIjoyUkO/uw7WZD1fBVs0QxeYWa7E17CUHJaYX/RUGISCtcrG4Q==}
    engines: {node: '>= 12.0.0'}

  lodash.castarray@4.4.0:
    resolution: {integrity: sha512-aVx8ztPv7/2ULbArGJ2Y42bG1mEQ5mGjpdvrbJcJFU3TbYybe+QlLS4pst9zV52ymy2in1KpFPiZnAOATxD4+Q==}

  lodash.isplainobject@4.0.6:
    resolution: {integrity: sha512-oSXzaWypCMHkPC3NvBEaPHf0KsA5mvPrOPgQWDsbg8n7orZ290M0BmC/jgRZ4vcJ6DTAhjrsSYgdsW/F+MFOBA==}

  lodash.merge@4.6.2:
    resolution: {integrity: sha512-0KpjqXRVvrYyCsX1swR/XTK0va6VQkQM6MNo7PqW77ByjAhoARA8EfrP1N4+KlKj8YS0ZUCtRT/YUuhyYDujIQ==}

  nanoid@3.3.11:
    resolution: {integrity: sha512-N8SpfPUnUp1bK+PMYW8qSWdl9U+wwNWI4QKxOYDy9JAro3WMX7p2OeVRF9v+347pnakNevPmiHhNmZ2HbFA76w==}
    engines: {node: ^10 || ^12 || ^13.7 || ^14 || >=15.0.1}
    hasBin: true

  picocolors@1.1.1:
    resolution: {integrity: sha512-xceH2snhtb5M9liqDsmEw56le376mTZkEX/jEb/RxNFyegNul7eNslCXP9FDj/Lcu0X8KEyMceP2ntpaHrDEVA==}

  postcss-selector-parser@6.0.10:
    resolution: {integrity: sha512-IQ7TZdoaqbT+LCpShg46jnZVlhWD2w6iQYAcYXfHARZ7X1t/UGhhceQDs5X0cGqKvYlHNOuv7Oa1xmb0oQuA3w==}
    engines: {node: '>=4'}

  postcss@8.5.3:
    resolution: {integrity: sha512-dle9A3yYxlBSrt8Fu+IpjGT8SY8hN0mlaA6GY8t0P5PjIOZemULz/E2Bnm/2dcUOena75OTNkHI76uZBNUUq3A==}
    engines: {node: ^10 || ^12 || >=14}

  rollup@4.38.0:
    resolution: {integrity: sha512-5SsIRtJy9bf1ErAOiFMFzl64Ex9X5V7bnJ+WlFMb+zmP459OSWCEG7b0ERZ+PEU7xPt4OG3RHbrp1LJlXxYTrw==}
    engines: {node: '>=18.0.0', npm: '>=8.0.0'}
    hasBin: true

  source-map-js@1.2.1:
    resolution: {integrity: sha512-UXWMKhLOwVKb728IUtQPXxfYU+usdybtUrK/8uGE8CQMvrhOpwvzDBwj0QhSL7MQc7vIsISBG8VQ8+IDQxpfQA==}
    engines: {node: '>=0.10.0'}

  tailwindcss@4.0.9:
    resolution: {integrity: sha512-12laZu+fv1ONDRoNR9ipTOpUD7RN9essRVkX36sjxuRUInpN7hIiHN4lBd/SIFjbISvnXzp8h/hXzmU8SQQYhw==}

  tapable@2.2.1:
    resolution: {integrity: sha512-GNzQvQTOIP6RyTfE2Qxb8ZVlNmw0n88vp1szwWRimP02mnTsx3Wtn5qRdqY9w2XduFNUgvOwhNnQsjwCp+kqaQ==}
    engines: {node: '>=6'}

  util-deprecate@1.0.2:
    resolution: {integrity: sha512-EPD5q1uXyFxJpCrLnCc1nHnq3gOa6DZBocAIiI2TaSCA7VCJ1UJDMagCzIkXNsUYfD1daK//LTEQ8xiIbrHtcw==}

  vite@6.2.4:
    resolution: {integrity: sha512-veHMSew8CcRzhL5o8ONjy8gkfmFJAd5Ac16oxBUjlwgX3Gq2Wqr+qNC3TjPIpy7TPV/KporLga5GT9HqdrCizw==}
    engines: {node: ^18.0.0 || ^20.0.0 || >=22.0.0}
    hasBin: true
    peerDependencies:
      '@types/node': ^18.0.0 || ^20.0.0 || >=22.0.0
      jiti: '>=1.21.0'
      less: '*'
      lightningcss: ^1.21.0
      sass: '*'
      sass-embedded: '*'
      stylus: '*'
      sugarss: '*'
      terser: ^5.16.0
      tsx: ^4.8.1
      yaml: ^2.4.2
    peerDependenciesMeta:
      '@types/node':
        optional: true
      jiti:
        optional: true
      less:
        optional: true
      lightningcss:
        optional: true
      sass:
        optional: true
      sass-embedded:
        optional: true
      stylus:
        optional: true
      sugarss:
        optional: true
      terser:
        optional: true
      tsx:
        optional: true
      yaml:
        optional: true

snapshots:

  '@esbuild/aix-ppc64@0.25.2':
    optional: true

  '@esbuild/android-arm64@0.25.2':
    optional: true

  '@esbuild/android-arm@0.25.2':
    optional: true

  '@esbuild/android-x64@0.25.2':
    optional: true

  '@esbuild/darwin-arm64@0.25.2':
    optional: true

  '@esbuild/darwin-x64@0.25.2':
    optional: true

  '@esbuild/freebsd-arm64@0.25.2':
    optional: true

  '@esbuild/freebsd-x64@0.25.2':
    optional: true

  '@esbuild/linux-arm64@0.25.2':
    optional: true

  '@esbuild/linux-arm@0.25.2':
    optional: true

  '@esbuild/linux-ia32@0.25.2':
    optional: true

  '@esbuild/linux-loong64@0.25.2':
    optional: true

  '@esbuild/linux-mips64el@0.25.2':
    optional: true

  '@esbuild/linux-ppc64@0.25.2':
    optional: true

  '@esbuild/linux-riscv64@0.25.2':
    optional: true

  '@esbuild/linux-s390x@0.25.2':
    optional: true

  '@esbuild/linux-x64@0.25.2':
    optional: true

  '@esbuild/netbsd-arm64@0.25.2':
    optional: true

  '@esbuild/netbsd-x64@0.25.2':
    optional: true

  '@esbuild/openbsd-arm64@0.25.2':
    optional: true

  '@esbuild/openbsd-x64@0.25.2':
    optional: true

  '@esbuild/sunos-x64@0.25.2':
    optional: true

  '@esbuild/win32-arm64@0.25.2':
    optional: true

  '@esbuild/win32-ia32@0.25.2':
    optional: true

  '@esbuild/win32-x64@0.25.2':
    optional: true

  '@rollup/rollup-android-arm-eabi@4.38.0':
    optional: true

  '@rollup/rollup-android-arm64@4.38.0':
    optional: true

  '@rollup/rollup-darwin-arm64@4.38.0':
    optional: true

  '@rollup/rollup-darwin-x64@4.38.0':
    optional: true

  '@rollup/rollup-freebsd-arm64@4.38.0':
    optional: true

  '@rollup/rollup-freebsd-x64@4.38.0':
    optional: true

  '@rollup/rollup-linux-arm-gnueabihf@4.38.0':
    optional: true

  '@rollup/rollup-linux-arm-musleabihf@4.38.0':
    optional: true

  '@rollup/rollup-linux-arm64-gnu@4.38.0':
    optional: true

  '@rollup/rollup-linux-arm64-musl@4.38.0':
    optional: true

  '@rollup/rollup-linux-loongarch64-gnu@4.38.0':
    optional: true

  '@rollup/rollup-linux-powerpc64le-gnu@4.38.0':
    optional: true

  '@rollup/rollup-linux-riscv64-gnu@4.38.0':
    optional: true

  '@rollup/rollup-linux-riscv64-musl@4.38.0':
    optional: true

  '@rollup/rollup-linux-s390x-gnu@4.38.0':
    optional: true

  '@rollup/rollup-linux-x64-gnu@4.38.0':
    optional: true

  '@rollup/rollup-linux-x64-musl@4.38.0':
    optional: true

  '@rollup/rollup-win32-arm64-msvc@4.38.0':
    optional: true

  '@rollup/rollup-win32-ia32-msvc@4.38.0':
    optional: true

  '@rollup/rollup-win32-x64-msvc@4.38.0':
    optional: true

  '@tailwindcss/node@4.0.9':
    dependencies:
      enhanced-resolve: 5.18.1
      jiti: 2.4.2
      tailwindcss: 4.0.9

  '@tailwindcss/oxide-android-arm64@4.0.9':
    optional: true

  '@tailwindcss/oxide-darwin-arm64@4.0.9':
    optional: true

  '@tailwindcss/oxide-darwin-x64@4.0.9':
    optional: true

  '@tailwindcss/oxide-freebsd-x64@4.0.9':
    optional: true

  '@tailwindcss/oxide-linux-arm-gnueabihf@4.0.9':
    optional: true

  '@tailwindcss/oxide-linux-arm64-gnu@4.0.9':
    optional: true

  '@tailwindcss/oxide-linux-arm64-musl@4.0.9':
    optional: true

  '@tailwindcss/oxide-linux-x64-gnu@4.0.9':
    optional: true

  '@tailwindcss/oxide-linux-x64-musl@4.0.9':
    optional: true

  '@tailwindcss/oxide-win32-arm64-msvc@4.0.9':
    optional: true

  '@tailwindcss/oxide-win32-x64-msvc@4.0.9':
    optional: true

  '@tailwindcss/oxide@4.0.9':
    optionalDependencies:
      '@tailwindcss/oxide-android-arm64': 4.0.9
      '@tailwindcss/oxide-darwin-arm64': 4.0.9
      '@tailwindcss/oxide-darwin-x64': 4.0.9
      '@tailwindcss/oxide-freebsd-x64': 4.0.9
      '@tailwindcss/oxide-linux-arm-gnueabihf': 4.0.9
      '@tailwindcss/oxide-linux-arm64-gnu': 4.0.9
      '@tailwindcss/oxide-linux-arm64-musl': 4.0.9
      '@tailwindcss/oxide-linux-x64-gnu': 4.0.9
      '@tailwindcss/oxide-linux-x64-musl': 4.0.9
      '@tailwindcss/oxide-win32-arm64-msvc': 4.0.9
      '@tailwindcss/oxide-win32-x64-msvc': 4.0.9

  '@tailwindcss/typography@0.5.16(tailwindcss@4.0.9)':
    dependencies:
      lodash.castarray: 4.4.0
      lodash.isplainobject: 4.0.6
      lodash.merge: 4.6.2
      postcss-selector-parser: 6.0.10
      tailwindcss: 4.0.9

  '@tailwindcss/vite@4.0.9(vite@6.2.4(jiti@2.4.2)(lightningcss@1.29.1))':
    dependencies:
      '@tailwindcss/node': 4.0.9
      '@tailwindcss/oxide': 4.0.9
      lightningcss: 1.29.1
      tailwindcss: 4.0.9
      vite: 6.2.4(jiti@2.4.2)(lightningcss@1.29.1)

  '@types/estree@1.0.7': {}

  cssesc@3.0.0: {}

  detect-libc@1.0.3: {}

  enhanced-resolve@5.18.1:
    dependencies:
      graceful-fs: 4.2.11
      tapable: 2.2.1

  esbuild@0.25.2:
    optionalDependencies:
      '@esbuild/aix-ppc64': 0.25.2
      '@esbuild/android-arm': 0.25.2
      '@esbuild/android-arm64': 0.25.2
      '@esbuild/android-x64': 0.25.2
      '@esbuild/darwin-arm64': 0.25.2
      '@esbuild/darwin-x64': 0.25.2
      '@esbuild/freebsd-arm64': 0.25.2
      '@esbuild/freebsd-x64': 0.25.2
      '@esbuild/linux-arm': 0.25.2
      '@esbuild/linux-arm64': 0.25.2
      '@esbuild/linux-ia32': 0.25.2
      '@esbuild/linux-loong64': 0.25.2
      '@esbuild/linux-mips64el': 0.25.2
      '@esbuild/linux-ppc64': 0.25.2
      '@esbuild/linux-riscv64': 0.25.2
      '@esbuild/linux-s390x': 0.25.2
      '@esbuild/linux-x64': 0.25.2
      '@esbuild/netbsd-arm64': 0.25.2
      '@esbuild/netbsd-x64': 0.25.2
      '@esbuild/openbsd-arm64': 0.25.2
      '@esbuild/openbsd-x64': 0.25.2
      '@esbuild/sunos-x64': 0.25.2
      '@esbuild/win32-arm64': 0.25.2
      '@esbuild/win32-ia32': 0.25.2
      '@esbuild/win32-x64': 0.25.2

  fsevents@2.3.3:
    optional: true

  graceful-fs@4.2.11: {}

  jiti@2.4.2: {}

  lightningcss-darwin-arm64@1.29.1:
    optional: true

  lightningcss-darwin-x64@1.29.1:
    optional: true

  lightningcss-freebsd-x64@1.29.1:
    optional: true

  lightningcss-linux-arm-gnueabihf@1.29.1:
    optional: true

  lightningcss-linux-arm64-gnu@1.29.1:
    optional: true

  lightningcss-linux-arm64-musl@1.29.1:
    optional: true

  lightningcss-linux-x64-gnu@1.29.1:
    optional: true

  lightningcss-linux-x64-musl@1.29.1:
    optional: true

  lightningcss-win32-arm64-msvc@1.29.1:
    optional: true

  lightningcss-win32-x64-msvc@1.29.1:
    optional: true

  lightningcss@1.29.1:
    dependencies:
      detect-libc: 1.0.3
    optionalDependencies:
      lightningcss-darwin-arm64: 1.29.1
      lightningcss-darwin-x64: 1.29.1
      lightningcss-freebsd-x64: 1.29.1
      lightningcss-linux-arm-gnueabihf: 1.29.1
      lightningcss-linux-arm64-gnu: 1.29.1
      lightningcss-linux-arm64-musl: 1.29.1
      lightningcss-linux-x64-gnu: 1.29.1
      lightningcss-linux-x64-musl: 1.29.1
      lightningcss-win32-arm64-msvc: 1.29.1
      lightningcss-win32-x64-msvc: 1.29.1

  lodash.castarray@4.4.0: {}

  lodash.isplainobject@4.0.6: {}

  lodash.merge@4.6.2: {}

  nanoid@3.3.11: {}

  picocolors@1.1.1: {}

  postcss-selector-parser@6.0.10:
    dependencies:
      cssesc: 3.0.0
      util-deprecate: 1.0.2

  postcss@8.5.3:
    dependencies:
      nanoid: 3.3.11
      picocolors: 1.1.1
      source-map-js: 1.2.1

  rollup@4.38.0:
    dependencies:
      '@types/estree': 1.0.7
    optionalDependencies:
      '@rollup/rollup-android-arm-eabi': 4.38.0
      '@rollup/rollup-android-arm64': 4.38.0
      '@rollup/rollup-darwin-arm64': 4.38.0
      '@rollup/rollup-darwin-x64': 4.38.0
      '@rollup/rollup-freebsd-arm64': 4.38.0
      '@rollup/rollup-freebsd-x64': 4.38.0
      '@rollup/rollup-linux-arm-gnueabihf': 4.38.0
      '@rollup/rollup-linux-arm-musleabihf': 4.38.0
      '@rollup/rollup-linux-arm64-gnu': 4.38.0
      '@rollup/rollup-linux-arm64-musl': 4.38.0
      '@rollup/rollup-linux-loongarch64-gnu': 4.38.0
      '@rollup/rollup-linux-powerpc64le-gnu': 4.38.0
      '@rollup/rollup-linux-riscv64-gnu': 4.38.0
      '@rollup/rollup-linux-riscv64-musl': 4.38.0
      '@rollup/rollup-linux-s390x-gnu': 4.38.0
      '@rollup/rollup-linux-x64-gnu': 4.38.0
      '@rollup/rollup-linux-x64-musl': 4.38.0
      '@rollup/rollup-win32-arm64-msvc': 4.38.0
      '@rollup/rollup-win32-ia32-msvc': 4.38.0
      '@rollup/rollup-win32-x64-msvc': 4.38.0
      fsevents: 2.3.3

  source-map-js@1.2.1: {}

  tailwindcss@4.0.9: {}

  tapable@2.2.1: {}

  util-deprecate@1.0.2: {}

  vite@6.2.4(jiti@2.4.2)(lightningcss@1.29.1):
    dependencies:
      esbuild: 0.25.2
      postcss: 8.5.3
      rollup: 4.38.0
    optionalDependencies:
      fsevents: 2.3.3
      jiti: 2.4.2
      lightningcss: 1.29.1
